// !$*UTF8*$!
{
	archiveVersion = 1;
	classes = {
	};
	objectVersion = 50;
	objects = {

/* Begin PBXBuildFile section */
		0A5952C6268D9FDF00FB19E7 /* AppDelegate.m in Sources */ = {isa = PBXBuildFile; fileRef = 0A5952C5268D9FDF00FB19E7 /* AppDelegate.m */; };
		0A5952C9268D9FDF00FB19E7 /* SceneDelegate.m in Sources */ = {isa = PBXBuildFile; fileRef = 0A5952C8268D9FDF00FB19E7 /* SceneDelegate.m */; };
		0A5952CC268D9FDF00FB19E7 /* ViewController.m in Sources */ = {isa = PBXBuildFile; fileRef = 0A5952CB268D9FDF00FB19E7 /* ViewController.m */; };
		0A5952CF268D9FDF00FB19E7 /* Main.storyboard in Resources */ = {isa = PBXBuildFile; fileRef = 0A5952CD268D9FDF00FB19E7 /* Main.storyboard */; };
		0A5952D1268D9FE000FB19E7 /* Assets.xcassets in Resources */ = {isa = PBXBuildFile; fileRef = 0A5952D0268D9FE000FB19E7 /* Assets.xcassets */; };
		0A5952D4268D9FE000FB19E7 /* LaunchScreen.storyboard in Resources */ = {isa = PBXBuildFile; fileRef = 0A5952D2268D9FE000FB19E7 /* LaunchScreen.storyboard */; };
		0A5952D7268D9FE000FB19E7 /* main.m in Sources */ = {isa = PBXBuildFile; fileRef = 0A5952D6268D9FE000FB19E7 /* main.m */; };
		78C57F2B2ACD4C5A989790B6 /* Pods_ShellDemo.framework in Frameworks */ = {isa = PBXBuildFile; fileRef = 67557E61E11232EF57DB12D2 /* Pods_ShellDemo.framework */; };
/* End PBXBuildFile section */

/* Begin PBXFileReference section */
		0A5952C1268D9FDF00FB19E7 /* ShellDemo.app */ = {isa = PBXFileReference; explicitFileType = wrapper.application; includeInIndex = 0; path = ShellDemo.app; sourceTree = BUILT_PRODUCTS_DIR; };
		0A5952C4268D9FDF00FB19E7 /* AppDelegate.h */ = {isa = PBXFileReference; lastKnownFileType = sourcecode.c.h; path = AppDelegate.h; sourceTree = "<group>"; };
		0A5952C5268D9FDF00FB19E7 /* AppDelegate.m */ = {isa = PBXFileReference; lastKnownFileType = sourcecode.c.objc; path = AppDelegate.m; sourceTree = "<group>"; };
		0A5952C7268D9FDF00FB19E7 /* SceneDelegate.h */ = {isa = PBXFileReference; lastKnownFileType = sourcecode.c.h; path = SceneDelegate.h; sourceTree = "<group>"; };
		0A5952C8268D9FDF00FB19E7 /* SceneDelegate.m */ = {isa = PBXFileReference; lastKnownFileType = sourcecode.c.objc; path = SceneDelegate.m; sourceTree = "<group>"; };
		0A5952CA268D9FDF00FB19E7 /* ViewController.h */ = {isa = PBXFileReference; lastKnownFileType = sourcecode.c.h; path = ViewController.h; sourceTree = "<group>"; };
		0A5952CB268D9FDF00FB19E7 /* ViewController.m */ = {isa = PBXFileReference; lastKnownFileType = sourcecode.c.objc; path = ViewController.m; sourceTree = "<group>"; };
		0A5952CE268D9FDF00FB19E7 /* Base */ = {isa = PBXFileReference; lastKnownFileType = file.storyboard; name = Base; path = Base.lproj/Main.storyboard; sourceTree = "<group>"; };
		0A5952D0268D9FE000FB19E7 /* Assets.xcassets */ = {isa = PBXFileReference; lastKnownFileType = folder.assetcatalog; path = Assets.xcassets; sourceTree = "<group>"; };
		0A5952D3268D9FE000FB19E7 /* Base */ = {isa = PBXFileReference; lastKnownFileType = file.storyboard; name = Base; path = Base.lproj/LaunchScreen.storyboard; sourceTree = "<group>"; };
		0A5952D5268D9FE000FB19E7 /* Info.plist */ = {isa = PBXFileReference; lastKnownFileType = text.plist.xml; path = Info.plist; sourceTree = "<group>"; };
		0A5952D6268D9FE000FB19E7 /* main.m */ = {isa = PBXFileReference; lastKnownFileType = sourcecode.c.objc; path = main.m; sourceTree = "<group>"; };
		4875DBF77838643A2AAB0795 /* Pods-ShellDemo.debug.xcconfig */ = {isa = PBXFileReference; includeInIndex = 1; lastKnownFileType = text.xcconfig; name = "Pods-ShellDemo.debug.xcconfig"; path = "Target Support Files/Pods-ShellDemo/Pods-ShellDemo.debug.xcconfig"; sourceTree = "<group>"; };
		67557E61E11232EF57DB12D2 /* Pods_ShellDemo.framework */ = {isa = PBXFileReference; explicitFileType = wrapper.framework; includeInIndex = 0; path = Pods_ShellDemo.framework; sourceTree = BUILT_PRODUCTS_DIR; };
		B46FF5F9469D7626099F023C /* Pods-ShellDemo.release.xcconfig */ = {isa = PBXFileReference; includeInIndex = 1; lastKnownFileType = text.xcconfig; name = "Pods-ShellDemo.release.xcconfig"; path = "Target Support Files/Pods-ShellDemo/Pods-ShellDemo.release.xcconfig"; sourceTree = "<group>"; };
/* End PBXFileReference section */

/* Begin PBXFrameworksBuildPhase section */
		0A5952BE268D9FDF00FB19E7 /* Frameworks */ = {
			isa = PBXFrameworksBuildPhase;
			buildActionMask = 2147483647;
			files = (
				78C57F2B2ACD4C5A989790B6 /* Pods_ShellDemo.framework in Frameworks */,
			);
			runOnlyForDeploymentPostprocessing = 0;
		};
/* End PBXFrameworksBuildPhase section */

/* Begin PBXGroup section */
		0A5952B8268D9FDF00FB19E7 = {
			isa = PBXGroup;
			children = (
				0A5952C3268D9FDF00FB19E7 /* ShellDemo */,
				0A5952C2268D9FDF00FB19E7 /* Products */,
				8F9B5A5BB73DB10E10E50956 /* Pods */,
				4EFFB7D0A0ABC16BF964931C /* Frameworks */,
			);
			sourceTree = "<group>";
		};
		0A5952C2268D9FDF00FB19E7 /* Products */ = {
			isa = PBXGroup;
			children = (
				0A5952C1268D9FDF00FB19E7 /* ShellDemo.app */,
			);
			name = Products;
			sourceTree = "<group>";
		};
		0A5952C3268D9FDF00FB19E7 /* ShellDemo */ = {
			isa = PBXGroup;
			children = (
				0A5952C4268D9FDF00FB19E7 /* AppDelegate.h */,
				0A5952C5268D9FDF00FB19E7 /* AppDelegate.m */,
				0A5952C7268D9FDF00FB19E7 /* SceneDelegate.h */,
				0A5952C8268D9FDF00FB19E7 /* SceneDelegate.m */,
				0A5952CA268D9FDF00FB19E7 /* ViewController.h */,
				0A5952CB268D9FDF00FB19E7 /* ViewController.m */,
				0A5952CD268D9FDF00FB19E7 /* Main.storyboard */,
				0A5952D0268D9FE000FB19E7 /* Assets.xcassets */,
				0A5952D2268D9FE000FB19E7 /* LaunchScreen.storyboard */,
				0A5952D5268D9FE000FB19E7 /* Info.plist */,
				0A5952D6268D9FE000FB19E7 /* main.m */,
			);
			path = ShellDemo;
			sourceTree = "<group>";
		};
		4EFFB7D0A0ABC16BF964931C /* Frameworks */ = {
			isa = PBXGroup;
			children = (
				67557E61E11232EF57DB12D2 /* Pods_ShellDemo.framework */,
			);
			name = Frameworks;
			sourceTree = "<group>";
		};
		8F9B5A5BB73DB10E10E50956 /* Pods */ = {
			isa = PBXGroup;
			children = (
				4875DBF77838643A2AAB0795 /* Pods-ShellDemo.debug.xcconfig */,
				B46FF5F9469D7626099F023C /* Pods-ShellDemo.release.xcconfig */,
			);
			name = Pods;
			path = Pods;
			sourceTree = "<group>";
		};
/* End PBXGroup section */

/* Begin PBXNativeTarget section */
		0A5952C0268D9FDF00FB19E7 /* ShellDemo */ = {
			isa = PBXNativeTarget;
			buildConfigurationList = 0A5952DA268D9FE000FB19E7 /* Build configuration list for PBXNativeTarget "ShellDemo" */;
			buildPhases = (
				48DD0A8798CE3CE84FBAF746 /* [CP] Check Pods Manifest.lock */,
				0A5952BD268D9FDF00FB19E7 /* Sources */,
				0A5952BE268D9FDF00FB19E7 /* Frameworks */,
				0A5952BF268D9FDF00FB19E7 /* Resources */,
				06FB9F5BCDDA43DC6BB84A76 /* [CP] Embed Pods Frameworks */,
			);
			buildRules = (
			);
			dependencies = (
			);
			name = ShellDemo;
			productName = ShellDemo;
			productReference = 0A5952C1268D9FDF00FB19E7 /* ShellDemo.app */;
			productType = "com.apple.product-type.application";
		};
/* End PBXNativeTarget section */

/* Begin PBXProject section */
		0A5952B9268D9FDF00FB19E7 /* Project object */ = {
			isa = PBXProject;
			attributes = {
				LastUpgradeCheck = 1240;
				TargetAttributes = {
					0A5952C0268D9FDF00FB19E7 = {
						CreatedOnToolsVersion = 12.4;
					};
				};
			};
			buildConfigurationList = 0A5952BC268D9FDF00FB19E7 /* Build configuration list for PBXProject "ShellDemo" */;
			compatibilityVersion = "Xcode 9.3";
			developmentRegion = en;
			hasScannedForEncodings = 0;
			knownRegions = (
				en,
				Base,
			);
			mainGroup = 0A5952B8268D9FDF00FB19E7;
			productRefGroup = 0A5952C2268D9FDF00FB19E7 /* Products */;
			projectDirPath = "";
			projectRoot = "";
			targets = (
				0A5952C0268D9FDF00FB19E7 /* ShellDemo */,
			);
		};
/* End PBXProject section */

/* Begin PBXResourcesBuildPhase section */
		0A5952BF268D9FDF00FB19E7 /* Resources */ = {
			isa = PBXResourcesBuildPhase;
			buildActionMask = 2147483647;
			files = (
				0A5952D4268D9FE000FB19E7 /* LaunchScreen.storyboard in Resources */,
				0A5952D1268D9FE000FB19E7 /* Assets.xcassets in Resources */,
				0A5952CF268D9FDF00FB19E7 /* Main.storyboard in Resources */,
			);
			runOnlyForDeploymentPostprocessing = 0;
		};
/* End PBXResourcesBuildPhase section */

/* Begin PBXShellScriptBuildPhase section */
		06FB9F5BCDDA43DC6BB84A76 /* [CP] Embed Pods Frameworks */ = {
			isa = PBXShellScriptBuildPhase;
			buildActionMask = 2147483647;
			files = (
			);
			inputFileListPaths = (
				"${PODS_ROOT}/Target Support Files/Pods-ShellDemo/Pods-ShellDemo-frameworks-${CONFIGURATION}-input-files.xcfilelist",
			);
			name = "[CP] Embed Pods Frameworks";
			outputFileListPaths = (
				"${PODS_ROOT}/Target Support Files/Pods-ShellDemo/Pods-ShellDemo-frameworks-${CONFIGURATION}-output-files.xcfilelist",
			);
			runOnlyForDeploymentPostprocessing = 0;
			shellPath = /bin/sh;
			shellScript = "\"${PODS_ROOT}/Target Support Files/Pods-ShellDemo/Pods-ShellDemo-frameworks.sh\"\n";
			showEnvVarsInLog = 0;
		};
		48DD0A8798CE3CE84FBAF746 /* [CP] Check Pods Manifest.lock */ = {
			isa = PBXShellScriptBuildPhase;
			buildActionMask = 2147483647;
			files = (
			);
			inputFileListPaths = (
			);
			inputPaths = (
				"${PODS_PODFILE_DIR_PATH}/Podfile.lock",
				"${PODS_ROOT}/Manifest.lock",
			);
			name = "[CP] Check Pods Manifest.lock";
			outputFileListPaths = (
			);
			outputPaths = (
				"$(DERIVED_FILE_DIR)/Pods-ShellDemo-checkManifestLockResult.txt",
			);
			runOnlyForDeploymentPostprocessing = 0;
			shellPath = /bin/sh;
			shellScript = "diff \"${PODS_PODFILE_DIR_PATH}/Podfile.lock\" \"${PODS_ROOT}/Manifest.lock\" > /dev/null\nif [ $? != 0 ] ; then\n    # print error to STDERR\n    echo \"error: The sandbox is not in sync with the Podfile.lock. Run 'pod install' or update your CocoaPods installation.\" >&2\n    exit 1\nfi\n# This output is used by Xcode 'outputs' to avoid re-running this script phase.\necho \"SUCCESS\" > \"${SCRIPT_OUTPUT_FILE_0}\"\n";
			showEnvVarsInLog = 0;
		};
/* End PBXShellScriptBuildPhase section */

/* Begin PBXSourcesBuildPhase section */
		0A5952BD268D9FDF00FB19E7 /* Sources */ = {
			isa = PBXSourcesBuildPhase;
			buildActionMask = 2147483647;
			files = (
				0A5952CC268D9FDF00FB19E7 /* ViewController.m in Sources */,
				0A5952C6268D9FDF00FB19E7 /* AppDelegate.m in Sources */,
				0A5952D7268D9FE000FB19E7 /* main.m in Sources */,
				0A5952C9268D9FDF00FB19E7 /* SceneDelegate.m in Sources */,
			);
			runOnlyForDeploymentPostprocessing = 0;
		};
/* End PBXSourcesBuildPhase section */

/* Begin PBXVariantGroup section */
		0A5952CD268D9FDF00FB19E7 /* Main.storyboard */ = {
			isa = PBXVariantGroup;
			children = (
				0A5952CE268D9FDF00FB19E7 /* Base */,
			);
			name = Main.storyboard;
			sourceTree = "<group>";
		};
		0A5952D2268D9FE000FB19E7 /* LaunchScreen.storyboard */ = {
			isa = PBXVariantGroup;
			children = (
				0A5952D3268D9FE000FB19E7 /* Base */,
			);
			name = LaunchScreen.storyboard;
			sourceTree = "<group>";
		};
/* End PBXVariantGroup section */

/* Begin XCBuildConfiguration section */
		0A5952D8268D9FE000FB19E7 /* Debug */ = {
			isa = XCBuildConfiguration;
			buildSettings = {
				ALWAYS_SEARCH_USER_PATHS = NO;
				CLANG_ANALYZER_NONNULL = YES;
				CLANG_ANALYZER_NUMBER_OBJECT_CONVERSION = YES_AGGRESSIVE;
				CLANG_CXX_LANGUAGE_STANDARD = "gnu++14";
				CLANG_CXX_LIBRARY = "libc++";
				CLANG_ENABLE_MODULES = YES;
				CLANG_ENABLE_OBJC_ARC = YES;
				CLANG_ENABLE_OBJC_WEAK = YES;
				CLANG_WARN_BLOCK_CAPTURE_AUTORELEASING = YES;
				CLANG_WARN_BOOL_CONVERSION = YES;
				CLANG_WARN_COMMA = YES;
				CLANG_WARN_CONSTANT_CONVERSION = YES;
				CLANG_WARN_DEPRECATED_OBJC_IMPLEMENTATIONS = YES;
				CLANG_WARN_DIRECT_OBJC_ISA_USAGE = YES_ERROR;
				CLANG_WARN_DOCUMENTATION_COMMENTS = YES;
				CLANG_WARN_EMPTY_BODY = YES;
				CLANG_WARN_ENUM_CONVERSION = YES;
				CLANG_WARN_INFINITE_RECURSION = YES;
				CLANG_WARN_INT_CONVERSION = YES;
				CLANG_WARN_NON_LITERAL_NULL_CONVERSION = YES;
				CLANG_WARN_OBJC_IMPLICIT_RETAIN_SELF = YES;
				CLANG_WARN_OBJC_LITERAL_CONVERSION = YES;
				CLANG_WARN_OBJC_ROOT_CLASS = YES_ERROR;
				CLANG_WARN_QUOTED_INCLUDE_IN_FRAMEWORK_HEADER = YES;
				CLANG_WARN_RANGE_LOOP_ANALYSIS = YES;
				CLANG_WARN_STRICT_PROTOTYPES = YES;
				CLANG_WARN_SUSPICIOUS_MOVE = YES;
				CLANG_WARN_UNGUARDED_AVAILABILITY = YES_AGGRESSIVE;
				CLANG_WARN_UNREACHABLE_CODE = YES;
				CLANG_WARN__DUPLICATE_METHOD_MATCH = YES;
				COPY_PHASE_STRIP = NO;
				DEBUG_INFORMATION_FORMAT = dwarf;
				ENABLE_STRICT_OBJC_MSGSEND = YES;
				ENABLE_TESTABILITY = YES;
				GCC_C_LANGUAGE_STANDARD = gnu11;
				GCC_DYNAMIC_NO_PIC = NO;
				GCC_NO_COMMON_BLOCKS = YES;
				GCC_OPTIMIZATION_LEVEL = 0;
				GCC_PREPROCESSOR_DEFINITIONS = (
					"DEBUG=1",
					"$(inherited)",
				);
				GCC_WARN_64_TO_32_BIT_CONVERSION = YES;
				GCC_WARN_ABOUT_RETURN_TYPE = YES_ERROR;
				GCC_WARN_UNDECLARED_SELECTOR = YES;
				GCC_WARN_UNINITIALIZED_AUTOS = YES_AGGRESSIVE;
				GCC_WARN_UNUSED_FUNCTION = YES;
				GCC_WARN_UNUSED_VARIABLE = YES;
				IPHONEOS_DEPLOYMENT_TARGET = 14.4;
				MTL_ENABLE_DEBUG_INFO = INCLUDE_SOURCE;
				MTL_FAST_MATH = YES;
				ONLY_ACTIVE_ARCH = YES;
				SDKROOT = iphoneos;
			};
			name = Debug;
		};
		0A5952D9268D9FE000FB19E7 /* Release */ = {
			isa = XCBuildConfiguration;
			buildSettings = {
				ALWAYS_SEARCH_USER_PATHS = NO;
				CLANG_ANALYZER_NONNULL = YES;
				CLANG_ANALYZER_NUMBER_OBJECT_CONVERSION = YES_AGGRESSIVE;
				CLANG_CXX_LANGUAGE_STANDARD = "gnu++14";
				CLANG_CXX_LIBRARY = "libc++";
				CLANG_ENABLE_MODULES = YES;
				CLANG_ENABLE_OBJC_ARC = YES;
				CLANG_ENABLE_OBJC_WEAK = YES;
				CLANG_WARN_BLOCK_CAPTURE_AUTORELEASING = YES;
				CLANG_WARN_BOOL_CONVERSION = YES;
				CLANG_WARN_COMMA = YES;
				CLANG_WARN_CONSTANT_CONVERSION = YES;
				CLANG_WARN_DEPRECATED_OBJC_IMPLEMENTATIONS = YES;
				CLANG_WARN_DIRECT_OBJC_ISA_USAGE = YES_ERROR;
				CLANG_WARN_DOCUMENTATION_COMMENTS = YES;
				CLANG_WARN_EMPTY_BODY = YES;
				CLANG_WARN_ENUM_CONVERSION = YES;
				CLANG_WARN_INFINITE_RECURSION = YES;
				CLANG_WARN_INT_CONVERSION = YES;
				CLANG_WARN_NON_LITERAL_NULL_CONVERSION = YES;
				CLANG_WARN_OBJC_IMPLICIT_RETAIN_SELF = YES;
				CLANG_WARN_OBJC_LITERAL_CONVERSION = YES;
				CLANG_WARN_OBJC_ROOT_CLASS = YES_ERROR;
				CLANG_WARN_QUOTED_INCLUDE_IN_FRAMEWORK_HEADER = YES;
				CLANG_WARN_RANGE_LOOP_ANALYSIS = YES;
				CLANG_WARN_STRICT_PROTOTYPES = YES;
				CLANG_WARN_SUSPICIOUS_MOVE = YES;
				CLANG_WARN_UNGUARDED_AVAILABILITY = YES_AGGRESSIVE;
				CLANG_WARN_UNREACHABLE_CODE = YES;
				CLANG_WARN__DUPLICATE_METHOD_MATCH = YES;
				COPY_PHASE_STRIP = NO;
				DEBUG_INFORMATION_FORMAT = "dwarf-with-dsym";
				ENABLE_NS_ASSERTIONS = NO;
				ENABLE_STRICT_OBJC_MSGSEND = YES;
				GCC_C_LANGUAGE_STANDARD = gnu11;
				GCC_NO_COMMON_BLOCKS = YES;
				GCC_WARN_64_TO_32_BIT_CONVERSION = YES;
				GCC_WARN_ABOUT_RETURN_TYPE = YES_ERROR;
				GCC_WARN_UNDECLARED_SELECTOR = YES;
				GCC_WARN_UNINITIALIZED_AUTOS = YES_AGGRESSIVE;
				GCC_WARN_UNUSED_FUNCTION = YES;
				GCC_WARN_UNUSED_VARIABLE = YES;
				IPHONEOS_DEPLOYMENT_TARGET = 14.4;
				MTL_ENABLE_DEBUG_INFO = NO;
				MTL_FAST_MATH = YES;
				SDKROOT = iphoneos;
				VALIDATE_PRODUCT = YES;
			};
			name = Release;
		};
		0A5952DB268D9FE000FB19E7 /* Debug */ = {
			isa = XCBuildConfiguration;
			baseConfigurationReference = 4875DBF77838643A2AAB0795 /* Pods-ShellDemo.debug.xcconfig */;
			buildSettings = {
				ASSETCATALOG_COMPILER_APPICON_NAME = AppIcon;
				ASSETCATALOG_COMPILER_GLOBAL_ACCENT_COLOR_NAME = AccentColor;
				CODE_SIGN_STYLE = Automatic;
				DEVELOPMENT_TEAM = 2RMT6QS2FJ;
				INFOPLIST_FILE = ShellDemo/Info.plist;
				LD_RUNPATH_SEARCH_PATHS = (
					"$(inherited)",
					"@executable_path/Frameworks",
				);
				PRODUCT_BUNDLE_IDENTIFIER = com.didi.a.ShellDemo;
				PRODUCT_NAME = "$(TARGET_NAME)";
				TARGETED_DEVICE_FAMILY = "1,2";
			};
			name = Debug;
		};
		0A5952DC268D9FE000FB19E7 /* Release */ = {
			isa = XCBuildConfiguration;
			baseConfigurationReference = B46FF5F9469D7626099F023C /* Pods-ShellDemo.release.xcconfig */;
			buildSettings = {
				ASSETCATALOG_COMPILER_APPICON_NAME = AppIcon;
				ASSETCATALOG_COMPILER_GLOBAL_ACCENT_COLOR_NAME = AccentColor;
				CODE_SIGN_STYLE = Automatic;
				DEVELOPMENT_TEAM = 2RMT6QS2FJ;
				INFOPLIST_FILE = ShellDemo/Info.plist;
				LD_RUNPATH_SEARCH_PATHS = (
					"$(inherited)",
					"@executable_path/Frameworks",
				);
				PRODUCT_BUNDLE_IDENTIFIER = com.didi.a.ShellDemo;
				PRODUCT_NAME = "$(TARGET_NAME)";
				TARGETED_DEVICE_FAMILY = "1,2";
			};
			name = Release;
		};
/* End XCBuildConfiguration section */

/* Begin XCConfigurationList section */
		0A5952BC268D9FDF00FB19E7 /* Build configuration list for PBXProject "ShellDemo" */ = {
			isa = XCConfigurationList;
			buildConfigurations = (
				0A5952D8268D9FE000FB19E7 /* Debug */,
				0A5952D9268D9FE000FB19E7 /* Release */,
			);
			defaultConfigurationIsVisible = 0;
			defaultConfigurationName = Release;
		};
		0A5952DA268D9FE000FB19E7 /* Build configuration list for PBXNativeTarget "ShellDemo" */ = {
			isa = XCConfigurationList;
			buildConfigurations = (
				0A5952DB268D9FE000FB19E7 /* Debug */,
				0A5952DC268D9FE000FB19E7 /* Release */,
			);
			defaultConfigurationIsVisible = 0;
			defaultConfigurationName = Release;
		};
/* End XCConfigurationList section */
	};
	rootObject = 0A5952B9268D9FDF00FB19E7 /* Project object */;
}
